// !$*UTF8*$!
{
	archiveVersion = 1;
	classes = {
	};
	objectVersion = 56;
	objects = {

/* Begin PBXBuildFile section */
		17392BF22BB1B6AD006DB792 /* AppDelegate.swift in Sources */ = {isa = PBXBuildFile; fileRef = 17392BF12BB1B6AD006DB792 /* AppDelegate.swift */; };
		17392BF42BB1B6AD006DB792 /* SceneDelegate.swift in Sources */ = {isa = PBXBuildFile; fileRef = 17392BF32BB1B6AD006DB792 /* SceneDelegate.swift */; };
		17392BF62BB1B6AD006DB792 /* MenuViewController.swift in Sources */ = {isa = PBXBuildFile; fileRef = 17392BF52BB1B6AD006DB792 /* MenuViewController.swift */; };
		17392BFB2BB1B6B0006DB792 /* Assets.xcassets in Resources */ = {isa = PBXBuildFile; fileRef = 17392BFA2BB1B6B0006DB792 /* Assets.xcassets */; };
		17392BFE2BB1B6B0006DB792 /* Base in Resources */ = {isa = PBXBuildFile; fileRef = 17392BFD2BB1B6B0006DB792 /* Base */; };
		17392C092BB1B832006DB792 /* NetworkManager.swift in Sources */ = {isa = PBXBuildFile; fileRef = 17392C082BB1B832006DB792 /* NetworkManager.swift */; };
		17392C0C2BB1B8BB006DB792 /* NetworkErrors.swift in Sources */ = {isa = PBXBuildFile; fileRef = 17392C0B2BB1B8BB006DB792 /* NetworkErrors.swift */; };
		17392C0E2BB1B9E3006DB792 /* Service.swift in Sources */ = {isa = PBXBuildFile; fileRef = 17392C0D2BB1B9E3006DB792 /* Service.swift */; };
		17392C132BB1BF4E006DB792 /* MenuView.swift in Sources */ = {isa = PBXBuildFile; fileRef = 17392C122BB1BF4E006DB792 /* MenuView.swift */; };
		17392C162BB1C28E006DB792 /* abosanova.ttf in Resources */ = {isa = PBXBuildFile; fileRef = 17392C152BB1C28E006DB792 /* abosanova.ttf */; };
		17392C182BB1C445006DB792 /* Comp.json in Resources */ = {isa = PBXBuildFile; fileRef = 17392C172BB1C445006DB792 /* Comp.json */; };
		17392C1B2BB1C476006DB792 /* Lottie in Frameworks */ = {isa = PBXBuildFile; productRef = 17392C1A2BB1C476006DB792 /* Lottie */; };
		17392C1D2BB1C58B006DB792 /* service.json in Resources */ = {isa = PBXBuildFile; fileRef = 17392C1C2BB1C58B006DB792 /* service.json */; };
		17392C1F2BB1C6ED006DB792 /* ColourExtension.swift in Sources */ = {isa = PBXBuildFile; fileRef = 17392C1E2BB1C6ED006DB792 /* ColourExtension.swift */; };
		17392C212BB1C818006DB792 /* MainViewController.swift in Sources */ = {isa = PBXBuildFile; fileRef = 17392C202BB1C818006DB792 /* MainViewController.swift */; };
/* End PBXBuildFile section */

/* Begin PBXFileReference section */
		17392BEE2BB1B6AD006DB792 /* ServiceHub.app */ = {isa = PBXFileReference; explicitFileType = wrapper.application; includeInIndex = 0; path = ServiceHub.app; sourceTree = BUILT_PRODUCTS_DIR; };
		17392BF12BB1B6AD006DB792 /* AppDelegate.swift */ = {isa = PBXFileReference; lastKnownFileType = sourcecode.swift; path = AppDelegate.swift; sourceTree = "<group>"; };
		17392BF32BB1B6AD006DB792 /* SceneDelegate.swift */ = {isa = PBXFileReference; lastKnownFileType = sourcecode.swift; path = SceneDelegate.swift; sourceTree = "<group>"; };
		17392BF52BB1B6AD006DB792 /* MenuViewController.swift */ = {isa = PBXFileReference; lastKnownFileType = sourcecode.swift; path = MenuViewController.swift; sourceTree = "<group>"; };
		17392BFA2BB1B6B0006DB792 /* Assets.xcassets */ = {isa = PBXFileReference; lastKnownFileType = folder.assetcatalog; path = Assets.xcassets; sourceTree = "<group>"; };
		17392BFD2BB1B6B0006DB792 /* Base */ = {isa = PBXFileReference; lastKnownFileType = file.storyboard; name = Base; path = Base.lproj/LaunchScreen.storyboard; sourceTree = "<group>"; };
		17392BFF2BB1B6B0006DB792 /* Info.plist */ = {isa = PBXFileReference; lastKnownFileType = text.plist.xml; path = Info.plist; sourceTree = "<group>"; };
		17392C082BB1B832006DB792 /* NetworkManager.swift */ = {isa = PBXFileReference; lastKnownFileType = sourcecode.swift; path = NetworkManager.swift; sourceTree = "<group>"; };
		17392C0B2BB1B8BB006DB792 /* NetworkErrors.swift */ = {isa = PBXFileReference; lastKnownFileType = sourcecode.swift; path = NetworkErrors.swift; sourceTree = "<group>"; };
		17392C0D2BB1B9E3006DB792 /* Service.swift */ = {isa = PBXFileReference; lastKnownFileType = sourcecode.swift; path = Service.swift; sourceTree = "<group>"; };
		17392C122BB1BF4E006DB792 /* MenuView.swift */ = {isa = PBXFileReference; lastKnownFileType = sourcecode.swift; path = MenuView.swift; sourceTree = "<group>"; };
		17392C152BB1C28E006DB792 /* abosanova.ttf */ = {isa = PBXFileReference; lastKnownFileType = file; path = abosanova.ttf; sourceTree = "<group>"; };
		17392C172BB1C445006DB792 /* Comp.json */ = {isa = PBXFileReference; fileEncoding = 4; lastKnownFileType = text.json; path = Comp.json; sourceTree = "<group>"; };
		17392C1C2BB1C58B006DB792 /* service.json */ = {isa = PBXFileReference; fileEncoding = 4; lastKnownFileType = text.json; path = service.json; sourceTree = "<group>"; };
		17392C1E2BB1C6ED006DB792 /* ColourExtension.swift */ = {isa = PBXFileReference; lastKnownFileType = sourcecode.swift; path = ColourExtension.swift; sourceTree = "<group>"; };
		17392C202BB1C818006DB792 /* MainViewController.swift */ = {isa = PBXFileReference; lastKnownFileType = sourcecode.swift; path = MainViewController.swift; sourceTree = "<group>"; };
/* End PBXFileReference section */

/* Begin PBXFrameworksBuildPhase section */
		17392BEB2BB1B6AD006DB792 /* Frameworks */ = {
			isa = PBXFrameworksBuildPhase;
			buildActionMask = 2147483647;
			files = (
				17392C1B2BB1C476006DB792 /* Lottie in Frameworks */,
			);
			runOnlyForDeploymentPostprocessing = 0;
		};
/* End PBXFrameworksBuildPhase section */

/* Begin PBXGroup section */
		17392BE52BB1B6AD006DB792 = {
			isa = PBXGroup;
			children = (
				17392BF02BB1B6AD006DB792 /* ServiceHub */,
				17392BEF2BB1B6AD006DB792 /* Products */,
			);
			sourceTree = "<group>";
		};
		17392BEF2BB1B6AD006DB792 /* Products */ = {
			isa = PBXGroup;
			children = (
				17392BEE2BB1B6AD006DB792 /* ServiceHub.app */,
			);
			name = Products;
			sourceTree = "<group>";
		};
		17392BF02BB1B6AD006DB792 /* ServiceHub */ = {
			isa = PBXGroup;
			children = (
				17392C112BB1BF29006DB792 /* Views */,
				17392C102BB1BC72006DB792 /* Settings */,
				17392C0F2BB1BAF7006DB792 /* Controllers */,
				17392C0A2BB1B853006DB792 /* Models */,
				17392C062BB1B80C006DB792 /* Services */,
				17392C052BB1B6B7006DB792 /* Application */,
			);
			path = ServiceHub;
			sourceTree = "<group>";
		};
		17392C052BB1B6B7006DB792 /* Application */ = {
			isa = PBXGroup;
			children = (
				17392BF32BB1B6AD006DB792 /* SceneDelegate.swift */,
				17392BF12BB1B6AD006DB792 /* AppDelegate.swift */,
			);
			path = Application;
			sourceTree = "<group>";
		};
		17392C062BB1B80C006DB792 /* Services */ = {
			isa = PBXGroup;
			children = (
				17392C072BB1B815006DB792 /* Network */,
			);
			path = Services;
			sourceTree = "<group>";
		};
		17392C072BB1B815006DB792 /* Network */ = {
			isa = PBXGroup;
			children = (
				17392C082BB1B832006DB792 /* NetworkManager.swift */,
				17392C0B2BB1B8BB006DB792 /* NetworkErrors.swift */,
			);
			path = Network;
			sourceTree = "<group>";
		};
		17392C0A2BB1B853006DB792 /* Models */ = {
			isa = PBXGroup;
			children = (
				17392C0D2BB1B9E3006DB792 /* Service.swift */,
			);
			path = Models;
			sourceTree = "<group>";
		};
		17392C0F2BB1BAF7006DB792 /* Controllers */ = {
			isa = PBXGroup;
			children = (
				17392BF52BB1B6AD006DB792 /* MenuViewController.swift */,
				17392C202BB1C818006DB792 /* MainViewController.swift */,
			);
			path = Controllers;
			sourceTree = "<group>";
		};
		17392C102BB1BC72006DB792 /* Settings */ = {
			isa = PBXGroup;
			children = (
				17392C142BB1C26A006DB792 /* Fonts */,
				17392BFF2BB1B6B0006DB792 /* Info.plist */,
				17392BFA2BB1B6B0006DB792 /* Assets.xcassets */,
				17392BFC2BB1B6B0006DB792 /* LaunchScreen.storyboard */,
			);
			path = Settings;
			sourceTree = "<group>";
		};
		17392C112BB1BF29006DB792 /* Views */ = {
			isa = PBXGroup;
			children = (
				17392C122BB1BF4E006DB792 /* MenuView.swift */,
				17392C1E2BB1C6ED006DB792 /* ColourExtension.swift */,
			);
			path = Views;
			sourceTree = "<group>";
		};
		17392C142BB1C26A006DB792 /* Fonts */ = {
			isa = PBXGroup;
			children = (
				17392C1C2BB1C58B006DB792 /* service.json */,
				17392C152BB1C28E006DB792 /* abosanova.ttf */,
				17392C172BB1C445006DB792 /* Comp.json */,
			);
			path = Fonts;
			sourceTree = "<group>";
		};
/* End PBXGroup section */

/* Begin PBXNativeTarget section */
		17392BED2BB1B6AD006DB792 /* ServiceHub */ = {
			isa = PBXNativeTarget;
			buildConfigurationList = 17392C022BB1B6B0006DB792 /* Build configuration list for PBXNativeTarget "ServiceHub" */;
			buildPhases = (
				17392BEA2BB1B6AD006DB792 /* Sources */,
				17392BEB2BB1B6AD006DB792 /* Frameworks */,
				17392BEC2BB1B6AD006DB792 /* Resources */,
			);
			buildRules = (
			);
			dependencies = (
			);
			name = ServiceHub;
			packageProductDependencies = (
				17392C1A2BB1C476006DB792 /* Lottie */,
			);
			productName = ServiceHub;
			productReference = 17392BEE2BB1B6AD006DB792 /* ServiceHub.app */;
			productType = "com.apple.product-type.application";
		};
/* End PBXNativeTarget section */

/* Begin PBXProject section */
		17392BE62BB1B6AD006DB792 /* Project object */ = {
			isa = PBXProject;
			attributes = {
				BuildIndependentTargetsInParallel = 1;
				LastSwiftUpdateCheck = 1530;
				LastUpgradeCheck = 1530;
				TargetAttributes = {
					17392BED2BB1B6AD006DB792 = {
						CreatedOnToolsVersion = 15.3;
					};
				};
			};
			buildConfigurationList = 17392BE92BB1B6AD006DB792 /* Build configuration list for PBXProject "ServiceHub" */;
			compatibilityVersion = "Xcode 14.0";
			developmentRegion = en;
			hasScannedForEncodings = 0;
			knownRegions = (
				en,
				Base,
			);
			mainGroup = 17392BE52BB1B6AD006DB792;
			packageReferences = (
				17392C192BB1C475006DB792 /* XCRemoteSwiftPackageReference "lottie-spm" */,
			);
			productRefGroup = 17392BEF2BB1B6AD006DB792 /* Products */;
			projectDirPath = "";
			projectRoot = "";
			targets = (
				17392BED2BB1B6AD006DB792 /* ServiceHub */,
			);
		};
/* End PBXProject section */

/* Begin PBXResourcesBuildPhase section */
		17392BEC2BB1B6AD006DB792 /* Resources */ = {
			isa = PBXResourcesBuildPhase;
			buildActionMask = 2147483647;
			files = (
				17392C182BB1C445006DB792 /* Comp.json in Resources */,
				17392C1D2BB1C58B006DB792 /* service.json in Resources */,
				17392BFB2BB1B6B0006DB792 /* Assets.xcassets in Resources */,
				17392C162BB1C28E006DB792 /* abosanova.ttf in Resources */,
				17392BFE2BB1B6B0006DB792 /* Base in Resources */,
			);
			runOnlyForDeploymentPostprocessing = 0;
		};
/* End PBXResourcesBuildPhase section */

/* Begin PBXSourcesBuildPhase section */
		17392BEA2BB1B6AD006DB792 /* Sources */ = {
			isa = PBXSourcesBuildPhase;
			buildActionMask = 2147483647;
			files = (
				17392C132BB1BF4E006DB792 /* MenuView.swift in Sources */,
				17392C1F2BB1C6ED006DB792 /* ColourExtension.swift in Sources */,
				17392C092BB1B832006DB792 /* NetworkManager.swift in Sources */,
				17392BF62BB1B6AD006DB792 /* MenuViewController.swift in Sources */,
				17392C0C2BB1B8BB006DB792 /* NetworkErrors.swift in Sources */,
				17392BF22BB1B6AD006DB792 /* AppDelegate.swift in Sources */,
				17392C212BB1C818006DB792 /* MainViewController.swift in Sources */,
				17392BF42BB1B6AD006DB792 /* SceneDelegate.swift in Sources */,
				17392C0E2BB1B9E3006DB792 /* Service.swift in Sources */,
			);
			runOnlyForDeploymentPostprocessing = 0;
		};
/* End PBXSourcesBuildPhase section */

/* Begin PBXVariantGroup section */
		17392BFC2BB1B6B0006DB792 /* LaunchScreen.storyboard */ = {
			isa = PBXVariantGroup;
			children = (
				17392BFD2BB1B6B0006DB792 /* Base */,
			);
			name = LaunchScreen.storyboard;
			sourceTree = "<group>";
		};
/* End PBXVariantGroup section */

/* Begin XCBuildConfiguration section */
		17392C002BB1B6B0006DB792 /* Debug */ = {
			isa = XCBuildConfiguration;
			buildSettings = {
				ALWAYS_SEARCH_USER_PATHS = NO;
				ASSETCATALOG_COMPILER_GENERATE_SWIFT_ASSET_SYMBOL_EXTENSIONS = YES;
				CLANG_ANALYZER_NONNULL = YES;
				CLANG_ANALYZER_NUMBER_OBJECT_CONVERSION = YES_AGGRESSIVE;
				CLANG_CXX_LANGUAGE_STANDARD = "gnu++20";
				CLANG_ENABLE_MODULES = YES;
				CLANG_ENABLE_OBJC_ARC = YES;
				CLANG_ENABLE_OBJC_WEAK = YES;
				CLANG_WARN_BLOCK_CAPTURE_AUTORELEASING = YES;
				CLANG_WARN_BOOL_CONVERSION = YES;
				CLANG_WARN_COMMA = YES;
				CLANG_WARN_CONSTANT_CONVERSION = YES;
				CLANG_WARN_DEPRECATED_OBJC_IMPLEMENTATIONS = YES;
				CLANG_WARN_DIRECT_OBJC_ISA_USAGE = YES_ERROR;
				CLANG_WARN_DOCUMENTATION_COMMENTS = YES;
				CLANG_WARN_EMPTY_BODY = YES;
				CLANG_WARN_ENUM_CONVERSION = YES;
				CLANG_WARN_INFINITE_RECURSION = YES;
				CLANG_WARN_INT_CONVERSION = YES;
				CLANG_WARN_NON_LITERAL_NULL_CONVERSION = YES;
				CLANG_WARN_OBJC_IMPLICIT_RETAIN_SELF = YES;
				CLANG_WARN_OBJC_LITERAL_CONVERSION = YES;
				CLANG_WARN_OBJC_ROOT_CLASS = YES_ERROR;
				CLANG_WARN_QUOTED_INCLUDE_IN_FRAMEWORK_HEADER = YES;
				CLANG_WARN_RANGE_LOOP_ANALYSIS = YES;
				CLANG_WARN_STRICT_PROTOTYPES = YES;
				CLANG_WARN_SUSPICIOUS_MOVE = YES;
				CLANG_WARN_UNGUARDED_AVAILABILITY = YES_AGGRESSIVE;
				CLANG_WARN_UNREACHABLE_CODE = YES;
				CLANG_WARN__DUPLICATE_METHOD_MATCH = YES;
				COPY_PHASE_STRIP = NO;
				DEBUG_INFORMATION_FORMAT = dwarf;
				ENABLE_STRICT_OBJC_MSGSEND = YES;
				ENABLE_TESTABILITY = YES;
				ENABLE_USER_SCRIPT_SANDBOXING = YES;
				GCC_C_LANGUAGE_STANDARD = gnu17;
				GCC_DYNAMIC_NO_PIC = NO;
				GCC_NO_COMMON_BLOCKS = YES;
				GCC_OPTIMIZATION_LEVEL = 0;
				GCC_PREPROCESSOR_DEFINITIONS = (
					"DEBUG=1",
					"$(inherited)",
				);
				GCC_WARN_64_TO_32_BIT_CONVERSION = YES;
				GCC_WARN_ABOUT_RETURN_TYPE = YES_ERROR;
				GCC_WARN_UNDECLARED_SELECTOR = YES;
				GCC_WARN_UNINITIALIZED_AUTOS = YES_AGGRESSIVE;
				GCC_WARN_UNUSED_FUNCTION = YES;
				GCC_WARN_UNUSED_VARIABLE = YES;
				IPHONEOS_DEPLOYMENT_TARGET = 17.4;
				LOCALIZATION_PREFERS_STRING_CATALOGS = YES;
				MTL_ENABLE_DEBUG_INFO = INCLUDE_SOURCE;
				MTL_FAST_MATH = YES;
				ONLY_ACTIVE_ARCH = YES;
				SDKROOT = iphoneos;
				SWIFT_ACTIVE_COMPILATION_CONDITIONS = "DEBUG $(inherited)";
				SWIFT_OPTIMIZATION_LEVEL = "-Onone";
			};
			name = Debug;
		};
		17392C012BB1B6B0006DB792 /* Release */ = {
			isa = XCBuildConfiguration;
			buildSettings = {
				ALWAYS_SEARCH_USER_PATHS = NO;
				ASSETCATALOG_COMPILER_GENERATE_SWIFT_ASSET_SYMBOL_EXTENSIONS = YES;
				CLANG_ANALYZER_NONNULL = YES;
				CLANG_ANALYZER_NUMBER_OBJECT_CONVERSION = YES_AGGRESSIVE;
				CLANG_CXX_LANGUAGE_STANDARD = "gnu++20";
				CLANG_ENABLE_MODULES = YES;
				CLANG_ENABLE_OBJC_ARC = YES;
				CLANG_ENABLE_OBJC_WEAK = YES;
				CLANG_WARN_BLOCK_CAPTURE_AUTORELEASING = YES;
				CLANG_WARN_BOOL_CONVERSION = YES;
				CLANG_WARN_COMMA = YES;
				CLANG_WARN_CONSTANT_CONVERSION = YES;
				CLANG_WARN_DEPRECATED_OBJC_IMPLEMENTATIONS = YES;
				CLANG_WARN_DIRECT_OBJC_ISA_USAGE = YES_ERROR;
				CLANG_WARN_DOCUMENTATION_COMMENTS = YES;
				CLANG_WARN_EMPTY_BODY = YES;
				CLANG_WARN_ENUM_CONVERSION = YES;
				CLANG_WARN_INFINITE_RECURSION = YES;
				CLANG_WARN_INT_CONVERSION = YES;
				CLANG_WARN_NON_LITERAL_NULL_CONVERSION = YES;
				CLANG_WARN_OBJC_IMPLICIT_RETAIN_SELF = YES;
				CLANG_WARN_OBJC_LITERAL_CONVERSION = YES;
				CLANG_WARN_OBJC_ROOT_CLASS = YES_ERROR;
				CLANG_WARN_QUOTED_INCLUDE_IN_FRAMEWORK_HEADER = YES;
				CLANG_WARN_RANGE_LOOP_ANALYSIS = YES;
				CLANG_WARN_STRICT_PROTOTYPES = YES;
				CLANG_WARN_SUSPICIOUS_MOVE = YES;
				CLANG_WARN_UNGUARDED_AVAILABILITY = YES_AGGRESSIVE;
				CLANG_WARN_UNREACHABLE_CODE = YES;
				CLANG_WARN__DUPLICATE_METHOD_MATCH = YES;
				COPY_PHASE_STRIP = NO;
				DEBUG_INFORMATION_FORMAT = "dwarf-with-dsym";
				ENABLE_NS_ASSERTIONS = NO;
				ENABLE_STRICT_OBJC_MSGSEND = YES;
				ENABLE_USER_SCRIPT_SANDBOXING = YES;
				GCC_C_LANGUAGE_STANDARD = gnu17;
				GCC_NO_COMMON_BLOCKS = YES;
				GCC_WARN_64_TO_32_BIT_CONVERSION = YES;
				GCC_WARN_ABOUT_RETURN_TYPE = YES_ERROR;
				GCC_WARN_UNDECLARED_SELECTOR = YES;
				GCC_WARN_UNINITIALIZED_AUTOS = YES_AGGRESSIVE;
				GCC_WARN_UNUSED_FUNCTION = YES;
				GCC_WARN_UNUSED_VARIABLE = YES;
				IPHONEOS_DEPLOYMENT_TARGET = 17.4;
				LOCALIZATION_PREFERS_STRING_CATALOGS = YES;
				MTL_ENABLE_DEBUG_INFO = NO;
				MTL_FAST_MATH = YES;
				SDKROOT = iphoneos;
				SWIFT_COMPILATION_MODE = wholemodule;
				VALIDATE_PRODUCT = YES;
			};
			name = Release;
		};
		17392C032BB1B6B0006DB792 /* Debug */ = {
			isa = XCBuildConfiguration;
			buildSettings = {
				ASSETCATALOG_COMPILER_APPICON_NAME = AppIcon;
				ASSETCATALOG_COMPILER_GLOBAL_ACCENT_COLOR_NAME = AccentColor;
				CODE_SIGN_STYLE = Automatic;
				CURRENT_PROJECT_VERSION = 1;
				DEVELOPMENT_TEAM = Z96X7GW9YS;
				GENERATE_INFOPLIST_FILE = YES;
				INFOPLIST_FILE = ServiceHub/Settings/Info.plist;
				INFOPLIST_KEY_UIApplicationSupportsIndirectInputEvents = YES;
				INFOPLIST_KEY_UILaunchStoryboardName = LaunchScreen;
				INFOPLIST_KEY_UISupportedInterfaceOrientations_iPad = "UIInterfaceOrientationPortrait UIInterfaceOrientationPortraitUpsideDown UIInterfaceOrientationLandscapeLeft UIInterfaceOrientationLandscapeRight";
				INFOPLIST_KEY_UISupportedInterfaceOrientations_iPhone = "UIInterfaceOrientationPortrait UIInterfaceOrientationLandscapeLeft UIInterfaceOrientationLandscapeRight";
				LD_RUNPATH_SEARCH_PATHS = (
					"$(inherited)",
					"@executable_path/Frameworks",
				);
				MARKETING_VERSION = 1.0;
				PRODUCT_BUNDLE_IDENTIFIER = Andrey.ServiceHub;
				PRODUCT_NAME = "$(TARGET_NAME)";
				SWIFT_EMIT_LOC_STRINGS = YES;
				SWIFT_VERSION = 5.0;
				TARGETED_DEVICE_FAMILY = "1,2";
			};
			name = Debug;
		};
		17392C042BB1B6B0006DB792 /* Release */ = {
			isa = XCBuildConfiguration;
			buildSettings = {
				ASSETCATALOG_COMPILER_APPICON_NAME = AppIcon;
				ASSETCATALOG_COMPILER_GLOBAL_ACCENT_COLOR_NAME = AccentColor;
				CODE_SIGN_STYLE = Automatic;
				CURRENT_PROJECT_VERSION = 1;
				DEVELOPMENT_TEAM = Z96X7GW9YS;
				GENERATE_INFOPLIST_FILE = YES;
				INFOPLIST_FILE = ServiceHub/Settings/Info.plist;
				INFOPLIST_KEY_UIApplicationSupportsIndirectInputEvents = YES;
				INFOPLIST_KEY_UILaunchStoryboardName = LaunchScreen;
				INFOPLIST_KEY_UISupportedInterfaceOrientations_iPad = "UIInterfaceOrientationPortrait UIInterfaceOrientationPortraitUpsideDown UIInterfaceOrientationLandscapeLeft UIInterfaceOrientationLandscapeRight";
				INFOPLIST_KEY_UISupportedInterfaceOrientations_iPhone = "UIInterfaceOrientationPortrait UIInterfaceOrientationLandscapeLeft UIInterfaceOrientationLandscapeRight";
				LD_RUNPATH_SEARCH_PATHS = (
					"$(inherited)",
					"@executable_path/Frameworks",
				);
				MARKETING_VERSION = 1.0;
				PRODUCT_BUNDLE_IDENTIFIER = Andrey.ServiceHub;
				PRODUCT_NAME = "$(TARGET_NAME)";
				SWIFT_EMIT_LOC_STRINGS = YES;
				SWIFT_VERSION = 5.0;
				TARGETED_DEVICE_FAMILY = "1,2";
			};
			name = Release;
		};
/* End XCBuildConfiguration section */

/* Begin XCConfigurationList section */
		17392BE92BB1B6AD006DB792 /* Build configuration list for PBXProject "ServiceHub" */ = {
			isa = XCConfigurationList;
			buildConfigurations = (
				17392C002BB1B6B0006DB792 /* Debug */,
				17392C012BB1B6B0006DB792 /* Release */,
			);
			defaultConfigurationIsVisible = 0;
			defaultConfigurationName = Release;
		};
		17392C022BB1B6B0006DB792 /* Build configuration list for PBXNativeTarget "ServiceHub" */ = {
			isa = XCConfigurationList;
			buildConfigurations = (
				17392C032BB1B6B0006DB792 /* Debug */,
				17392C042BB1B6B0006DB792 /* Release */,
			);
			defaultConfigurationIsVisible = 0;
			defaultConfigurationName = Release;
		};
/* End XCConfigurationList section */

/* Begin XCRemoteSwiftPackageReference section */
		17392C192BB1C475006DB792 /* XCRemoteSwiftPackageReference "lottie-spm" */ = {
			isa = XCRemoteSwiftPackageReference;
			repositoryURL = "https://github.com/airbnb/lottie-spm.git";
			requirement = {
				kind = upToNextMajorVersion;
				minimumVersion = 4.4.1;
			};
		};
/* End XCRemoteSwiftPackageReference section */

/* Begin XCSwiftPackageProductDependency section */
		17392C1A2BB1C476006DB792 /* Lottie */ = {
			isa = XCSwiftPackageProductDependency;
			package = 17392C192BB1C475006DB792 /* XCRemoteSwiftPackageReference "lottie-spm" */;
			productName = Lottie;
		};
/* End XCSwiftPackageProductDependency section */
	};
	rootObject = 17392BE62BB1B6AD006DB792 /* Project object */;
}
